
Microsoft Visual Studio Solution File, Format Version 12.00

Project("{2150E333-8FDC-42A3-9474-1A3956D46DE8}") = "Adapters", "Adapters", "{EF67F7D5-84AB-4AEA-A8E4-323B4BC9EBB9}"
EndProject
Project("{2150E333-8FDC-42A3-9474-1A3956D46DE8}") = "Applications", "Applications", "{A4A5BDFD-FAD5-46AA-B36E-33A6675CF888}"
EndProject
Project("{2150E333-8FDC-42A3-9474-1A3956D46DE8}") = "Framework", "Framework", "{594EE890-8228-4812-AC7E-9E55610EDF59}"
EndProject
Project("{2150E333-8FDC-42A3-9474-1A3956D46DE8}") = "Infrastructure", "Infrastructure", "{B47CB9B7-F826-4E50-8D3F-81C80989740E}"
EndProject
Project("{2150E333-8FDC-42A3-9474-1A3956D46DE8}") = "Services", "Services", "{D7F18FA8-A682-45AB-A282-8C7F92C33871}"
EndProject
Project("{2150E333-8FDC-42A3-9474-1A3956D46DE8}") = "TestSuite", "TestSuite", "{33E9E1BA-15F1-4786-9038-90EC96E2C6F2}"
EndProject
Project("{FAE04EC0-301F-11D3-BF4B-00C04F79EFBC}") = "NautilusData", "Source\NautilusData\NautilusData.csproj", "{7A6A88B0-3179-4D92-A585-CE890A4F6FF4}"
EndProject
Project("{FAE04EC0-301F-11D3-BF4B-00C04F79EFBC}") = "NautilusExecutor", "Source\NautilusExecutor\NautilusExecutor.csproj", "{9EB3742E-68A0-4E4F-AC6C-66CB7A8D7722}"
EndProject
Project("{FAE04EC0-301F-11D3-BF4B-00C04F79EFBC}") = "Nautilus.Common", "Source\Nautilus.Common\Nautilus.Common.csproj", "{FF13E1FD-FA68-4D83-B99F-97029E312B1C}"
EndProject
Project("{FAE04EC0-301F-11D3-BF4B-00C04F79EFBC}") = "Nautilus.Core", "Source\Nautilus.Core\Nautilus.Core.csproj", "{AEE3A061-B7B0-4492-BE1C-2C43631379E1}"
EndProject
Project("{FAE04EC0-301F-11D3-BF4B-00C04F79EFBC}") = "Nautilus.DomainModel", "Source\Nautilus.DomainModel\Nautilus.DomainModel.csproj", "{2BB6E1DA-9469-44C6-A07E-2D980030E3CC}"
EndProject
Project("{FAE04EC0-301F-11D3-BF4B-00C04F79EFBC}") = "Nautilus.Fix", "Source\Nautilus.Fix\Nautilus.Fix.csproj", "{C49CF207-29E8-4838-9634-A99EE3CC29B2}"
EndProject
Project("{FAE04EC0-301F-11D3-BF4B-00C04F79EFBC}") = "Nautilus.Messaging", "Source\Nautilus.Messaging\Nautilus.Messaging.csproj", "{F5058BCF-C19A-4A04-962D-2B37F248FDA0}"
EndProject
Project("{FAE04EC0-301F-11D3-BF4B-00C04F79EFBC}") = "Nautilus.Network", "Source\Nautilus.Network\Nautilus.Network.csproj", "{8F5C4B6A-FE7D-4E20-9701-059F70965645}"
EndProject
Project("{FAE04EC0-301F-11D3-BF4B-00C04F79EFBC}") = "Nautilus.Scheduling", "Source\Nautilus.Scheduling\Nautilus.Scheduling.csproj", "{ECB6AD8B-6714-4619-91DD-C459709C5036}"
EndProject
Project("{FAE04EC0-301F-11D3-BF4B-00C04F79EFBC}") = "Nautilus.Serialization", "Source\Nautilus.Serialization\Nautilus.Serialization.csproj", "{FDF77D1F-4284-4DDC-9E10-F11AFA74535D}"
EndProject
Project("{FAE04EC0-301F-11D3-BF4B-00C04F79EFBC}") = "Nautilus.Data", "Source\Nautilus.Data\Nautilus.Data.csproj", "{4E729CD4-6836-424D-B3C7-4D5FFD723A51}"
EndProject
Project("{FAE04EC0-301F-11D3-BF4B-00C04F79EFBC}") = "Nautilus.Execution", "Source\Nautilus.Execution\Nautilus.Execution.csproj", "{D3F2837D-750C-41E2-9129-2F284C3915D1}"
EndProject
Project("{FAE04EC0-301F-11D3-BF4B-00C04F79EFBC}") = "Nautilus.Redis", "Source\Nautilus.Redis\Nautilus.Redis.csproj", "{679E1404-AC41-4842-AA83-0F4091503A79}"
EndProject
Project("{FAE04EC0-301F-11D3-BF4B-00C04F79EFBC}") = "Nautilus.Fxcm", "Source\Nautilus.Fxcm\Nautilus.Fxcm.csproj", "{3E299DAE-B6DB-4BF6-ABE0-CCC1F9E33CB2}"
EndProject
Project("{FAE04EC0-301F-11D3-BF4B-00C04F79EFBC}") = "Nautilus.TestSuite.TestKit", "Source\Nautilus.TestSuite.TestKit\Nautilus.TestSuite.TestKit.csproj", "{5C57208C-5B4D-4413-A632-0159D379BC34}"
EndProject
Project("{FAE04EC0-301F-11D3-BF4B-00C04F79EFBC}") = "Nautilus.TestSuite.UnitTests", "Source\Nautilus.TestSuite.UnitTests\Nautilus.TestSuite.UnitTests.csproj", "{1F9D5678-8D2D-4AC9-A7B4-1B5CD3FC41F3}"
EndProject
Project("{FAE04EC0-301F-11D3-BF4B-00C04F79EFBC}") = "Nautilus.TestSuite.IntegrationTests", "Source\Nautilus.TestSuite.IntegrationTests\Nautilus.TestSuite.IntegrationTests.csproj", "{A8A27E8F-EF22-43C3-9350-91FD626A130F}"
EndProject
Project("{FAE04EC0-301F-11D3-BF4B-00C04F79EFBC}") = "Nautilus.Service", "Source\Nautilus.Service\Nautilus.Service.csproj", "{53951310-D311-44F2-82E3-2980A7FCB58E}"
EndProject
Project("{FAE04EC0-301F-11D3-BF4B-00C04F79EFBC}") = "Nautilus.InteractiveBrokers", "Nautilus.InteractiveBrokers\Nautilus.InteractiveBrokers.csproj", "{75CAE801-B3E1-4ED0-9DD7-44F18A7B9F5E}"
EndProject
Global
	GlobalSection(SolutionConfigurationPlatforms) = preSolution
		Debug|Any CPU = Debug|Any CPU
		Release|Any CPU = Release|Any CPU
	EndGlobalSection
	GlobalSection(ProjectConfigurationPlatforms) = postSolution
		{2BB6E1DA-9469-44C6-A07E-2D980030E3CC}.Debug|Any CPU.ActiveCfg = Debug|Any CPU
		{2BB6E1DA-9469-44C6-A07E-2D980030E3CC}.Debug|Any CPU.Build.0 = Debug|Any CPU
		{2BB6E1DA-9469-44C6-A07E-2D980030E3CC}.Release|Any CPU.ActiveCfg = Release|Any CPU
		{2BB6E1DA-9469-44C6-A07E-2D980030E3CC}.Release|Any CPU.Build.0 = Release|Any CPU
		{5C57208C-5B4D-4413-A632-0159D379BC34}.Debug|Any CPU.ActiveCfg = Debug|Any CPU
		{5C57208C-5B4D-4413-A632-0159D379BC34}.Debug|Any CPU.Build.0 = Debug|Any CPU
		{5C57208C-5B4D-4413-A632-0159D379BC34}.Release|Any CPU.ActiveCfg = Release|Any CPU
		{FF13E1FD-FA68-4D83-B99F-97029E312B1C}.Debug|Any CPU.ActiveCfg = Debug|Any CPU
		{FF13E1FD-FA68-4D83-B99F-97029E312B1C}.Debug|Any CPU.Build.0 = Debug|Any CPU
		{FF13E1FD-FA68-4D83-B99F-97029E312B1C}.Release|Any CPU.ActiveCfg = Release|Any CPU
		{FF13E1FD-FA68-4D83-B99F-97029E312B1C}.Release|Any CPU.Build.0 = Release|Any CPU
		{C49CF207-29E8-4838-9634-A99EE3CC29B2}.Debug|Any CPU.ActiveCfg = Debug|Any CPU
		{C49CF207-29E8-4838-9634-A99EE3CC29B2}.Debug|Any CPU.Build.0 = Debug|Any CPU
		{C49CF207-29E8-4838-9634-A99EE3CC29B2}.Release|Any CPU.ActiveCfg = Release|Any CPU
		{C49CF207-29E8-4838-9634-A99EE3CC29B2}.Release|Any CPU.Build.0 = Release|Any CPU
		{3E299DAE-B6DB-4BF6-ABE0-CCC1F9E33CB2}.Debug|Any CPU.ActiveCfg = Debug|Any CPU
		{3E299DAE-B6DB-4BF6-ABE0-CCC1F9E33CB2}.Debug|Any CPU.Build.0 = Debug|Any CPU
		{3E299DAE-B6DB-4BF6-ABE0-CCC1F9E33CB2}.Release|Any CPU.ActiveCfg = Release|Any CPU
		{3E299DAE-B6DB-4BF6-ABE0-CCC1F9E33CB2}.Release|Any CPU.Build.0 = Release|Any CPU
		{4E729CD4-6836-424D-B3C7-4D5FFD723A51}.Debug|Any CPU.ActiveCfg = Debug|Any CPU
		{4E729CD4-6836-424D-B3C7-4D5FFD723A51}.Debug|Any CPU.Build.0 = Debug|Any CPU
		{4E729CD4-6836-424D-B3C7-4D5FFD723A51}.Release|Any CPU.ActiveCfg = Release|Any CPU
		{4E729CD4-6836-424D-B3C7-4D5FFD723A51}.Release|Any CPU.Build.0 = Release|Any CPU
		{7A6A88B0-3179-4D92-A585-CE890A4F6FF4}.Debug|Any CPU.ActiveCfg = Debug|Any CPU
		{7A6A88B0-3179-4D92-A585-CE890A4F6FF4}.Debug|Any CPU.Build.0 = Debug|Any CPU
		{7A6A88B0-3179-4D92-A585-CE890A4F6FF4}.Release|Any CPU.ActiveCfg = Release|Any CPU
		{7A6A88B0-3179-4D92-A585-CE890A4F6FF4}.Release|Any CPU.Build.0 = Release|Any CPU
		{1F9D5678-8D2D-4AC9-A7B4-1B5CD3FC41F3}.Debug|Any CPU.ActiveCfg = Debug|Any CPU
		{1F9D5678-8D2D-4AC9-A7B4-1B5CD3FC41F3}.Debug|Any CPU.Build.0 = Debug|Any CPU
		{1F9D5678-8D2D-4AC9-A7B4-1B5CD3FC41F3}.Release|Any CPU.ActiveCfg = Release|Any CPU
		{AEE3A061-B7B0-4492-BE1C-2C43631379E1}.Debug|Any CPU.ActiveCfg = Debug|Any CPU
		{AEE3A061-B7B0-4492-BE1C-2C43631379E1}.Debug|Any CPU.Build.0 = Debug|Any CPU
		{AEE3A061-B7B0-4492-BE1C-2C43631379E1}.Release|Any CPU.ActiveCfg = Release|Any CPU
		{AEE3A061-B7B0-4492-BE1C-2C43631379E1}.Release|Any CPU.Build.0 = Release|Any CPU
		{679E1404-AC41-4842-AA83-0F4091503A79}.Debug|Any CPU.ActiveCfg = Debug|Any CPU
		{679E1404-AC41-4842-AA83-0F4091503A79}.Debug|Any CPU.Build.0 = Debug|Any CPU
		{679E1404-AC41-4842-AA83-0F4091503A79}.Release|Any CPU.ActiveCfg = Release|Any CPU
		{679E1404-AC41-4842-AA83-0F4091503A79}.Release|Any CPU.Build.0 = Release|Any CPU
		{A8A27E8F-EF22-43C3-9350-91FD626A130F}.Debug|Any CPU.ActiveCfg = Debug|Any CPU
		{A8A27E8F-EF22-43C3-9350-91FD626A130F}.Debug|Any CPU.Build.0 = Debug|Any CPU
		{A8A27E8F-EF22-43C3-9350-91FD626A130F}.Release|Any CPU.ActiveCfg = Release|Any CPU
		{FDF77D1F-4284-4DDC-9E10-F11AFA74535D}.Debug|Any CPU.ActiveCfg = Debug|Any CPU
		{FDF77D1F-4284-4DDC-9E10-F11AFA74535D}.Debug|Any CPU.Build.0 = Debug|Any CPU
		{FDF77D1F-4284-4DDC-9E10-F11AFA74535D}.Release|Any CPU.ActiveCfg = Release|Any CPU
		{FDF77D1F-4284-4DDC-9E10-F11AFA74535D}.Release|Any CPU.Build.0 = Release|Any CPU
		{D3F2837D-750C-41E2-9129-2F284C3915D1}.Debug|Any CPU.ActiveCfg = Debug|Any CPU
		{D3F2837D-750C-41E2-9129-2F284C3915D1}.Debug|Any CPU.Build.0 = Debug|Any CPU
		{D3F2837D-750C-41E2-9129-2F284C3915D1}.Release|Any CPU.ActiveCfg = Release|Any CPU
		{D3F2837D-750C-41E2-9129-2F284C3915D1}.Release|Any CPU.Build.0 = Release|Any CPU
		{9EB3742E-68A0-4E4F-AC6C-66CB7A8D7722}.Debug|Any CPU.ActiveCfg = Debug|Any CPU
		{9EB3742E-68A0-4E4F-AC6C-66CB7A8D7722}.Debug|Any CPU.Build.0 = Debug|Any CPU
		{9EB3742E-68A0-4E4F-AC6C-66CB7A8D7722}.Release|Any CPU.ActiveCfg = Release|Any CPU
		{9EB3742E-68A0-4E4F-AC6C-66CB7A8D7722}.Release|Any CPU.Build.0 = Release|Any CPU
		{8F5C4B6A-FE7D-4E20-9701-059F70965645}.Debug|Any CPU.ActiveCfg = Debug|Any CPU
		{8F5C4B6A-FE7D-4E20-9701-059F70965645}.Debug|Any CPU.Build.0 = Debug|Any CPU
		{8F5C4B6A-FE7D-4E20-9701-059F70965645}.Release|Any CPU.ActiveCfg = Release|Any CPU
		{8F5C4B6A-FE7D-4E20-9701-059F70965645}.Release|Any CPU.Build.0 = Release|Any CPU
		{F5058BCF-C19A-4A04-962D-2B37F248FDA0}.Debug|Any CPU.ActiveCfg = Debug|Any CPU
		{F5058BCF-C19A-4A04-962D-2B37F248FDA0}.Debug|Any CPU.Build.0 = Debug|Any CPU
		{F5058BCF-C19A-4A04-962D-2B37F248FDA0}.Release|Any CPU.ActiveCfg = Release|Any CPU
		{F5058BCF-C19A-4A04-962D-2B37F248FDA0}.Release|Any CPU.Build.0 = Release|Any CPU
		{ECB6AD8B-6714-4619-91DD-C459709C5036}.Debug|Any CPU.ActiveCfg = Debug|Any CPU
		{ECB6AD8B-6714-4619-91DD-C459709C5036}.Debug|Any CPU.Build.0 = Debug|Any CPU
		{ECB6AD8B-6714-4619-91DD-C459709C5036}.Release|Any CPU.ActiveCfg = Release|Any CPU
		{ECB6AD8B-6714-4619-91DD-C459709C5036}.Release|Any CPU.Build.0 = Release|Any CPU
		{53951310-D311-44F2-82E3-2980A7FCB58E}.Debug|Any CPU.ActiveCfg = Debug|Any CPU
		{53951310-D311-44F2-82E3-2980A7FCB58E}.Debug|Any CPU.Build.0 = Debug|Any CPU
		{53951310-D311-44F2-82E3-2980A7FCB58E}.Release|Any CPU.ActiveCfg = Release|Any CPU
		{53951310-D311-44F2-82E3-2980A7FCB58E}.Release|Any CPU.Build.0 = Release|Any CPU
		{75CAE801-B3E1-4ED0-9DD7-44F18A7B9F5E}.Debug|Any CPU.ActiveCfg = Debug|Any CPU
		{75CAE801-B3E1-4ED0-9DD7-44F18A7B9F5E}.Debug|Any CPU.Build.0 = Debug|Any CPU
		{75CAE801-B3E1-4ED0-9DD7-44F18A7B9F5E}.Release|Any CPU.ActiveCfg = Release|Any CPU
		{75CAE801-B3E1-4ED0-9DD7-44F18A7B9F5E}.Release|Any CPU.Build.0 = Release|Any CPU
	EndGlobalSection
	GlobalSection(NestedProjects) = preSolution
		{5C57208C-5B4D-4413-A632-0159D379BC34} = {33E9E1BA-15F1-4786-9038-90EC96E2C6F2}
		{3E299DAE-B6DB-4BF6-ABE0-CCC1F9E33CB2} = {EF67F7D5-84AB-4AEA-A8E4-323B4BC9EBB9}
		{FF13E1FD-FA68-4D83-B99F-97029E312B1C} = {594EE890-8228-4812-AC7E-9E55610EDF59}
		{2BB6E1DA-9469-44C6-A07E-2D980030E3CC} = {594EE890-8228-4812-AC7E-9E55610EDF59}
		{1F9D5678-8D2D-4AC9-A7B4-1B5CD3FC41F3} = {33E9E1BA-15F1-4786-9038-90EC96E2C6F2}
		{AEE3A061-B7B0-4492-BE1C-2C43631379E1} = {594EE890-8228-4812-AC7E-9E55610EDF59}
		{679E1404-AC41-4842-AA83-0F4091503A79} = {B47CB9B7-F826-4E50-8D3F-81C80989740E}
		{A8A27E8F-EF22-43C3-9350-91FD626A130F} = {33E9E1BA-15F1-4786-9038-90EC96E2C6F2}
		{C49CF207-29E8-4838-9634-A99EE3CC29B2} = {594EE890-8228-4812-AC7E-9E55610EDF59}
		{8F5C4B6A-FE7D-4E20-9701-059F70965645} = {594EE890-8228-4812-AC7E-9E55610EDF59}
		{D3F2837D-750C-41E2-9129-2F284C3915D1} = {D7F18FA8-A682-45AB-A282-8C7F92C33871}
		{4E729CD4-6836-424D-B3C7-4D5FFD723A51} = {D7F18FA8-A682-45AB-A282-8C7F92C33871}
		{F5058BCF-C19A-4A04-962D-2B37F248FDA0} = {594EE890-8228-4812-AC7E-9E55610EDF59}
		{ECB6AD8B-6714-4619-91DD-C459709C5036} = {594EE890-8228-4812-AC7E-9E55610EDF59}
		{FDF77D1F-4284-4DDC-9E10-F11AFA74535D} = {594EE890-8228-4812-AC7E-9E55610EDF59}
		{53951310-D311-44F2-82E3-2980A7FCB58E} = {594EE890-8228-4812-AC7E-9E55610EDF59}
		{7A6A88B0-3179-4D92-A585-CE890A4F6FF4} = {A4A5BDFD-FAD5-46AA-B36E-33A6675CF888}
		{9EB3742E-68A0-4E4F-AC6C-66CB7A8D7722} = {A4A5BDFD-FAD5-46AA-B36E-33A6675CF888}
		{75CAE801-B3E1-4ED0-9DD7-44F18A7B9F5E} = {EF67F7D5-84AB-4AEA-A8E4-323B4BC9EBB9}
	EndGlobalSection
EndGlobal
