
Microsoft Visual Studio Solution File, Format Version 12.00

Project("{2150E333-8FDC-42A3-9474-1A3956D46DE8}") = "Applications", "Applications", "{A4A5BDFD-FAD5-46AA-B36E-33A6675CF888}"
EndProject
Project("{2150E333-8FDC-42A3-9474-1A3956D46DE8}") = "Common", "Common", "{594EE890-8228-4812-AC7E-9E55610EDF59}"
EndProject
Project("{2150E333-8FDC-42A3-9474-1A3956D46DE8}") = "Data", "Data", "{4E4DA299-D530-4703-8C64-0F8988373A24}"
EndProject
Project("{2150E333-8FDC-42A3-9474-1A3956D46DE8}") = "Brokerages", "Brokerages", "{EF67F7D5-84AB-4AEA-A8E4-323B4BC9EBB9}"
EndProject
Project("{2150E333-8FDC-42A3-9474-1A3956D46DE8}") = "Infrastructure", "Infrastructure", "{B47CB9B7-F826-4E50-8D3F-81C80989740E}"
EndProject
Project("{2150E333-8FDC-42A3-9474-1A3956D46DE8}") = "TestSuite", "TestSuite", "{33E9E1BA-15F1-4786-9038-90EC96E2C6F2}"
EndProject
Project("{2150E333-8FDC-42A3-9474-1A3956D46DE8}") = "NautilusDB", "NautilusDB", "{8AB6560F-56D5-4D01-AF21-15AABE70BF82}"
EndProject
Project("{2150E333-8FDC-42A3-9474-1A3956D46DE8}") = "BlackBox", "BlackBox", "{15037648-9583-4277-B3B3-C51775801A29}"
EndProject
Project("{FAE04EC0-301F-11D3-BF4B-00C04F79EFBC}") = "NautilusDB", "NautilusDB\NautilusDB.csproj", "{7A6A88B0-3179-4D92-A585-CE890A4F6FF4}"
EndProject
Project("{FAE04EC0-301F-11D3-BF4B-00C04F79EFBC}") = "NautilusDB.Service", "NautilusDB.Service\NautilusDB.Service.csproj", "{933D3504-F1B7-42AE-ADE7-AEBABF379DB7}"
EndProject
Project("{2150E333-8FDC-42A3-9474-1A3956D46DE8}") = "NautilusExecutor", "NautilusExecutor", "{BE9D07AC-25B5-49D0-80A7-023E0198AD2C}"
EndProject
Project("{FAE04EC0-301F-11D3-BF4B-00C04F79EFBC}") = "NautilusExecutor", "NautilusExecutor\NautilusExecutor.csproj", "{9EB3742E-68A0-4E4F-AC6C-66CB7A8D7722}"
EndProject
Project("{FAE04EC0-301F-11D3-BF4B-00C04F79EFBC}") = "Nautilus.BlackBox.AlphaModel", "Nautilus.BlackBox.AlphaModel\Nautilus.BlackBox.AlphaModel.csproj", "{0E216828-52F6-4796-8EFC-7203EDE05347}"
EndProject
Project("{FAE04EC0-301F-11D3-BF4B-00C04F79EFBC}") = "Nautilus.BlackBox.Core", "Nautilus.BlackBox.Core\Nautilus.BlackBox.Core.csproj", "{192A91C1-78BB-4A08-AB32-57B8C469E300}"
EndProject
Project("{FAE04EC0-301F-11D3-BF4B-00C04F79EFBC}") = "Nautilus.BlackBox.Portfolio", "Nautilus.BlackBox.Portfolio\Nautilus.BlackBox.Portfolio.csproj", "{71A305AB-E009-4E9C-9F7F-7282FFE675D0}"
EndProject
Project("{FAE04EC0-301F-11D3-BF4B-00C04F79EFBC}") = "Nautilus.BlackBox.Risk", "Nautilus.BlackBox.Risk\Nautilus.BlackBox.Risk.csproj", "{A3E6BAAE-641F-40D5-BAEE-7B9F5E35BC73}"
EndProject
Project("{FAE04EC0-301F-11D3-BF4B-00C04F79EFBC}") = "Nautilus.Core", "Nautilus.Core\Nautilus.Core.csproj", "{AEE3A061-B7B0-4492-BE1C-2C43631379E1}"
EndProject
Project("{FAE04EC0-301F-11D3-BF4B-00C04F79EFBC}") = "Nautilus.Common", "Nautilus.Common\Nautilus.Common.csproj", "{FF13E1FD-FA68-4D83-B99F-97029E312B1C}"
EndProject
Project("{FAE04EC0-301F-11D3-BF4B-00C04F79EFBC}") = "Nautilus.Fix", "Nautilus.Fix\Nautilus.Fix.csproj", "{C49CF207-29E8-4838-9634-A99EE3CC29B2}"
EndProject
Project("{FAE04EC0-301F-11D3-BF4B-00C04F79EFBC}") = "Nautilus.Brokerage.Fxcm", "Nautilus.Brokerage.Fxcm\Nautilus.Brokerage.Fxcm.csproj", "{3E299DAE-B6DB-4BF6-ABE0-CCC1F9E33CB2}"
EndProject
Project("{FAE04EC0-301F-11D3-BF4B-00C04F79EFBC}") = "Nautilus.Serilog", "Nautilus.Serilog\Nautilus.Serilog.csproj", "{9D3616C8-EE7A-42EC-8063-98388DF15FB8}"
EndProject
Project("{FAE04EC0-301F-11D3-BF4B-00C04F79EFBC}") = "Nautilus.Compression", "Nautilus.Compression\Nautilus.Compression.csproj", "{A42DE733-1C1B-4D1C-B98F-2AC163C980FB}"
EndProject
Project("{FAE04EC0-301F-11D3-BF4B-00C04F79EFBC}") = "Nautilus.Data", "Nautilus.Data\Nautilus.Data.csproj", "{4E729CD4-6836-424D-B3C7-4D5FFD723A51}"
EndProject
Project("{FAE04EC0-301F-11D3-BF4B-00C04F79EFBC}") = "Nautilus.DomainModel", "Nautilus.DomainModel\Nautilus.DomainModel.csproj", "{2BB6E1DA-9469-44C6-A07E-2D980030E3CC}"
EndProject
Project("{FAE04EC0-301F-11D3-BF4B-00C04F79EFBC}") = "Nautilus.Redis", "Nautilus.Redis\Nautilus.Redis.csproj", "{679E1404-AC41-4842-AA83-0F4091503A79}"
EndProject
Project("{FAE04EC0-301F-11D3-BF4B-00C04F79EFBC}") = "Nautilus.Scheduler", "Nautilus.Scheduler\Nautilus.Scheduler.csproj", "{8E27658E-64A6-4C8A-8F8B-9F700363EB9A}"
EndProject
Project("{FAE04EC0-301F-11D3-BF4B-00C04F79EFBC}") = "Nautilus.MongoDB", "Nautilus.MongoDB\Nautilus.MongoDB.csproj", "{EB8C946C-7491-4502-9511-945A27580124}"
EndProject
Project("{FAE04EC0-301F-11D3-BF4B-00C04F79EFBC}") = "QuickFix", "QuickFix\QuickFix.csproj", "{25CF9DF9-624A-440E-B812-090699EA3A4F}"
EndProject
Project("{FAE04EC0-301F-11D3-BF4B-00C04F79EFBC}") = "QuickFix.FIX44", "QuickFix.FIX44\QuickFix.FIX44.csproj", "{7959D6A2-7B0C-4083-90C9-3F3761D0CCF7}"
EndProject
Project("{FAE04EC0-301F-11D3-BF4B-00C04F79EFBC}") = "QuickFix.UnitTests", "QuickFix.UnitTests\QuickFix.UnitTests.csproj", "{D00E34D2-128C-4437-A81A-ED658947BE99}"
EndProject
Project("{FAE04EC0-301F-11D3-BF4B-00C04F79EFBC}") = "Nautilus.MsgPack", "Nautilus.MsgPack\Nautilus.MsgPack.csproj", "{FDF77D1F-4284-4DDC-9E10-F11AFA74535D}"
EndProject
Project("{FAE04EC0-301F-11D3-BF4B-00C04F79EFBC}") = "Nautilus.RabbitMQ", "Nautilus.RabbitMQ\Nautilus.RabbitMQ.csproj", "{C66D0E22-37C9-465F-9DE2-68367D3D28D8}"
EndProject
Project("{2150E333-8FDC-42A3-9474-1A3956D46DE8}") = "Execution", "Execution", "{07C27C75-8696-44AA-B5EF-036C05E4EF9E}"
EndProject
Project("{FAE04EC0-301F-11D3-BF4B-00C04F79EFBC}") = "Nautilus.Execution", "Nautilus.Execution\Nautilus.Execution.csproj", "{D3F2837D-750C-41E2-9129-2F284C3915D1}"
EndProject
Project("{FAE04EC0-301F-11D3-BF4B-00C04F79EFBC}") = "Nautilus.TestSuite.TestKit", "Nautilus.TestSuite.TestKit\Nautilus.TestSuite.TestKit.csproj", "{5C57208C-5B4D-4413-A632-0159D379BC34}"
EndProject
Project("{FAE04EC0-301F-11D3-BF4B-00C04F79EFBC}") = "Nautilus.TestSuite.UnitTests", "Nautilus.TestSuite.UnitTests\Nautilus.TestSuite.UnitTests.csproj", "{1F9D5678-8D2D-4AC9-A7B4-1B5CD3FC41F3}"
EndProject
Project("{FAE04EC0-301F-11D3-BF4B-00C04F79EFBC}") = "Nautilus.TestSuite.IntegrationTests", "Nautilus.TestSuite.IntegrationTests\Nautilus.TestSuite.IntegrationTests.csproj", "{A8A27E8F-EF22-43C3-9350-91FD626A130F}"
EndProject
Global
	GlobalSection(SolutionConfigurationPlatforms) = preSolution
		Debug|Any CPU = Debug|Any CPU
		Release|Any CPU = Release|Any CPU
	EndGlobalSection
	GlobalSection(ProjectConfigurationPlatforms) = postSolution
		{2BB6E1DA-9469-44C6-A07E-2D980030E3CC}.Debug|Any CPU.ActiveCfg = Debug|Any CPU
		{2BB6E1DA-9469-44C6-A07E-2D980030E3CC}.Debug|Any CPU.Build.0 = Debug|Any CPU
		{2BB6E1DA-9469-44C6-A07E-2D980030E3CC}.Release|Any CPU.ActiveCfg = Release|Any CPU
		{2BB6E1DA-9469-44C6-A07E-2D980030E3CC}.Release|Any CPU.Build.0 = Release|Any CPU
		{5C57208C-5B4D-4413-A632-0159D379BC34}.Debug|Any CPU.ActiveCfg = Debug|Any CPU
		{5C57208C-5B4D-4413-A632-0159D379BC34}.Debug|Any CPU.Build.0 = Debug|Any CPU
		{5C57208C-5B4D-4413-A632-0159D379BC34}.Release|Any CPU.ActiveCfg = Release|Any CPU
		{5C57208C-5B4D-4413-A632-0159D379BC34}.Release|Any CPU.Build.0 = Release|Any CPU
		{0E216828-52F6-4796-8EFC-7203EDE05347}.Debug|Any CPU.ActiveCfg = Debug|Any CPU
		{0E216828-52F6-4796-8EFC-7203EDE05347}.Debug|Any CPU.Build.0 = Debug|Any CPU
		{0E216828-52F6-4796-8EFC-7203EDE05347}.Release|Any CPU.ActiveCfg = Release|Any CPU
		{0E216828-52F6-4796-8EFC-7203EDE05347}.Release|Any CPU.Build.0 = Release|Any CPU
		{192A91C1-78BB-4A08-AB32-57B8C469E300}.Debug|Any CPU.ActiveCfg = Debug|Any CPU
		{192A91C1-78BB-4A08-AB32-57B8C469E300}.Debug|Any CPU.Build.0 = Debug|Any CPU
		{192A91C1-78BB-4A08-AB32-57B8C469E300}.Release|Any CPU.ActiveCfg = Release|Any CPU
		{192A91C1-78BB-4A08-AB32-57B8C469E300}.Release|Any CPU.Build.0 = Release|Any CPU
		{71A305AB-E009-4E9C-9F7F-7282FFE675D0}.Debug|Any CPU.ActiveCfg = Debug|Any CPU
		{71A305AB-E009-4E9C-9F7F-7282FFE675D0}.Debug|Any CPU.Build.0 = Debug|Any CPU
		{71A305AB-E009-4E9C-9F7F-7282FFE675D0}.Release|Any CPU.ActiveCfg = Release|Any CPU
		{71A305AB-E009-4E9C-9F7F-7282FFE675D0}.Release|Any CPU.Build.0 = Release|Any CPU
		{A3E6BAAE-641F-40D5-BAEE-7B9F5E35BC73}.Debug|Any CPU.ActiveCfg = Debug|Any CPU
		{A3E6BAAE-641F-40D5-BAEE-7B9F5E35BC73}.Debug|Any CPU.Build.0 = Debug|Any CPU
		{A3E6BAAE-641F-40D5-BAEE-7B9F5E35BC73}.Release|Any CPU.ActiveCfg = Release|Any CPU
		{A3E6BAAE-641F-40D5-BAEE-7B9F5E35BC73}.Release|Any CPU.Build.0 = Release|Any CPU
		{FF13E1FD-FA68-4D83-B99F-97029E312B1C}.Debug|Any CPU.ActiveCfg = Debug|Any CPU
		{FF13E1FD-FA68-4D83-B99F-97029E312B1C}.Debug|Any CPU.Build.0 = Debug|Any CPU
		{FF13E1FD-FA68-4D83-B99F-97029E312B1C}.Release|Any CPU.ActiveCfg = Release|Any CPU
		{FF13E1FD-FA68-4D83-B99F-97029E312B1C}.Release|Any CPU.Build.0 = Release|Any CPU
		{C49CF207-29E8-4838-9634-A99EE3CC29B2}.Debug|Any CPU.ActiveCfg = Debug|Any CPU
		{C49CF207-29E8-4838-9634-A99EE3CC29B2}.Debug|Any CPU.Build.0 = Debug|Any CPU
		{C49CF207-29E8-4838-9634-A99EE3CC29B2}.Release|Any CPU.ActiveCfg = Release|Any CPU
		{C49CF207-29E8-4838-9634-A99EE3CC29B2}.Release|Any CPU.Build.0 = Release|Any CPU
		{3E299DAE-B6DB-4BF6-ABE0-CCC1F9E33CB2}.Debug|Any CPU.ActiveCfg = Debug|Any CPU
		{3E299DAE-B6DB-4BF6-ABE0-CCC1F9E33CB2}.Debug|Any CPU.Build.0 = Debug|Any CPU
		{3E299DAE-B6DB-4BF6-ABE0-CCC1F9E33CB2}.Release|Any CPU.ActiveCfg = Release|Any CPU
		{3E299DAE-B6DB-4BF6-ABE0-CCC1F9E33CB2}.Release|Any CPU.Build.0 = Release|Any CPU
		{9D3616C8-EE7A-42EC-8063-98388DF15FB8}.Debug|Any CPU.ActiveCfg = Debug|Any CPU
		{9D3616C8-EE7A-42EC-8063-98388DF15FB8}.Debug|Any CPU.Build.0 = Debug|Any CPU
		{9D3616C8-EE7A-42EC-8063-98388DF15FB8}.Release|Any CPU.ActiveCfg = Release|Any CPU
		{9D3616C8-EE7A-42EC-8063-98388DF15FB8}.Release|Any CPU.Build.0 = Release|Any CPU
		{A42DE733-1C1B-4D1C-B98F-2AC163C980FB}.Debug|Any CPU.ActiveCfg = Debug|Any CPU
		{A42DE733-1C1B-4D1C-B98F-2AC163C980FB}.Debug|Any CPU.Build.0 = Debug|Any CPU
		{A42DE733-1C1B-4D1C-B98F-2AC163C980FB}.Release|Any CPU.ActiveCfg = Release|Any CPU
		{A42DE733-1C1B-4D1C-B98F-2AC163C980FB}.Release|Any CPU.Build.0 = Release|Any CPU
		{4E729CD4-6836-424D-B3C7-4D5FFD723A51}.Debug|Any CPU.ActiveCfg = Debug|Any CPU
		{4E729CD4-6836-424D-B3C7-4D5FFD723A51}.Debug|Any CPU.Build.0 = Debug|Any CPU
		{4E729CD4-6836-424D-B3C7-4D5FFD723A51}.Release|Any CPU.ActiveCfg = Release|Any CPU
		{4E729CD4-6836-424D-B3C7-4D5FFD723A51}.Release|Any CPU.Build.0 = Release|Any CPU
		{7A6A88B0-3179-4D92-A585-CE890A4F6FF4}.Debug|Any CPU.ActiveCfg = Debug|Any CPU
		{7A6A88B0-3179-4D92-A585-CE890A4F6FF4}.Debug|Any CPU.Build.0 = Debug|Any CPU
		{7A6A88B0-3179-4D92-A585-CE890A4F6FF4}.Release|Any CPU.ActiveCfg = Release|Any CPU
		{7A6A88B0-3179-4D92-A585-CE890A4F6FF4}.Release|Any CPU.Build.0 = Release|Any CPU
		{933D3504-F1B7-42AE-ADE7-AEBABF379DB7}.Debug|Any CPU.ActiveCfg = Debug|Any CPU
		{933D3504-F1B7-42AE-ADE7-AEBABF379DB7}.Debug|Any CPU.Build.0 = Debug|Any CPU
		{933D3504-F1B7-42AE-ADE7-AEBABF379DB7}.Release|Any CPU.ActiveCfg = Release|Any CPU
		{933D3504-F1B7-42AE-ADE7-AEBABF379DB7}.Release|Any CPU.Build.0 = Release|Any CPU
		{1F9D5678-8D2D-4AC9-A7B4-1B5CD3FC41F3}.Debug|Any CPU.ActiveCfg = Debug|Any CPU
		{1F9D5678-8D2D-4AC9-A7B4-1B5CD3FC41F3}.Debug|Any CPU.Build.0 = Debug|Any CPU
		{1F9D5678-8D2D-4AC9-A7B4-1B5CD3FC41F3}.Release|Any CPU.ActiveCfg = Release|Any CPU
		{1F9D5678-8D2D-4AC9-A7B4-1B5CD3FC41F3}.Release|Any CPU.Build.0 = Release|Any CPU
		{AEE3A061-B7B0-4492-BE1C-2C43631379E1}.Debug|Any CPU.ActiveCfg = Debug|Any CPU
		{AEE3A061-B7B0-4492-BE1C-2C43631379E1}.Debug|Any CPU.Build.0 = Debug|Any CPU
		{AEE3A061-B7B0-4492-BE1C-2C43631379E1}.Release|Any CPU.ActiveCfg = Release|Any CPU
		{AEE3A061-B7B0-4492-BE1C-2C43631379E1}.Release|Any CPU.Build.0 = Release|Any CPU
		{679E1404-AC41-4842-AA83-0F4091503A79}.Debug|Any CPU.ActiveCfg = Debug|Any CPU
		{679E1404-AC41-4842-AA83-0F4091503A79}.Debug|Any CPU.Build.0 = Debug|Any CPU
		{679E1404-AC41-4842-AA83-0F4091503A79}.Release|Any CPU.ActiveCfg = Release|Any CPU
		{679E1404-AC41-4842-AA83-0F4091503A79}.Release|Any CPU.Build.0 = Release|Any CPU
		{A8A27E8F-EF22-43C3-9350-91FD626A130F}.Debug|Any CPU.ActiveCfg = Debug|Any CPU
		{A8A27E8F-EF22-43C3-9350-91FD626A130F}.Debug|Any CPU.Build.0 = Debug|Any CPU
		{A8A27E8F-EF22-43C3-9350-91FD626A130F}.Release|Any CPU.ActiveCfg = Release|Any CPU
		{A8A27E8F-EF22-43C3-9350-91FD626A130F}.Release|Any CPU.Build.0 = Release|Any CPU
		{8E27658E-64A6-4C8A-8F8B-9F700363EB9A}.Debug|Any CPU.ActiveCfg = Debug|Any CPU
		{8E27658E-64A6-4C8A-8F8B-9F700363EB9A}.Debug|Any CPU.Build.0 = Debug|Any CPU
		{8E27658E-64A6-4C8A-8F8B-9F700363EB9A}.Release|Any CPU.ActiveCfg = Release|Any CPU
		{8E27658E-64A6-4C8A-8F8B-9F700363EB9A}.Release|Any CPU.Build.0 = Release|Any CPU
		{EB8C946C-7491-4502-9511-945A27580124}.Debug|Any CPU.ActiveCfg = Debug|Any CPU
		{EB8C946C-7491-4502-9511-945A27580124}.Debug|Any CPU.Build.0 = Debug|Any CPU
		{EB8C946C-7491-4502-9511-945A27580124}.Release|Any CPU.ActiveCfg = Release|Any CPU
		{EB8C946C-7491-4502-9511-945A27580124}.Release|Any CPU.Build.0 = Release|Any CPU
		{25CF9DF9-624A-440E-B812-090699EA3A4F}.Debug|Any CPU.ActiveCfg = Debug|Any CPU
		{25CF9DF9-624A-440E-B812-090699EA3A4F}.Debug|Any CPU.Build.0 = Debug|Any CPU
		{25CF9DF9-624A-440E-B812-090699EA3A4F}.Release|Any CPU.ActiveCfg = Release|Any CPU
		{25CF9DF9-624A-440E-B812-090699EA3A4F}.Release|Any CPU.Build.0 = Release|Any CPU
		{7959D6A2-7B0C-4083-90C9-3F3761D0CCF7}.Debug|Any CPU.ActiveCfg = Debug|Any CPU
		{7959D6A2-7B0C-4083-90C9-3F3761D0CCF7}.Debug|Any CPU.Build.0 = Debug|Any CPU
		{7959D6A2-7B0C-4083-90C9-3F3761D0CCF7}.Release|Any CPU.ActiveCfg = Release|Any CPU
		{7959D6A2-7B0C-4083-90C9-3F3761D0CCF7}.Release|Any CPU.Build.0 = Release|Any CPU
		{D00E34D2-128C-4437-A81A-ED658947BE99}.Debug|Any CPU.ActiveCfg = Debug|Any CPU
		{D00E34D2-128C-4437-A81A-ED658947BE99}.Debug|Any CPU.Build.0 = Debug|Any CPU
		{D00E34D2-128C-4437-A81A-ED658947BE99}.Release|Any CPU.ActiveCfg = Release|Any CPU
		{D00E34D2-128C-4437-A81A-ED658947BE99}.Release|Any CPU.Build.0 = Release|Any CPU
		{FDF77D1F-4284-4DDC-9E10-F11AFA74535D}.Debug|Any CPU.ActiveCfg = Debug|Any CPU
		{FDF77D1F-4284-4DDC-9E10-F11AFA74535D}.Debug|Any CPU.Build.0 = Debug|Any CPU
		{FDF77D1F-4284-4DDC-9E10-F11AFA74535D}.Release|Any CPU.ActiveCfg = Release|Any CPU
		{FDF77D1F-4284-4DDC-9E10-F11AFA74535D}.Release|Any CPU.Build.0 = Release|Any CPU
		{C66D0E22-37C9-465F-9DE2-68367D3D28D8}.Debug|Any CPU.ActiveCfg = Debug|Any CPU
		{C66D0E22-37C9-465F-9DE2-68367D3D28D8}.Debug|Any CPU.Build.0 = Debug|Any CPU
		{C66D0E22-37C9-465F-9DE2-68367D3D28D8}.Release|Any CPU.ActiveCfg = Release|Any CPU
		{C66D0E22-37C9-465F-9DE2-68367D3D28D8}.Release|Any CPU.Build.0 = Release|Any CPU
		{D3F2837D-750C-41E2-9129-2F284C3915D1}.Debug|Any CPU.ActiveCfg = Debug|Any CPU
		{D3F2837D-750C-41E2-9129-2F284C3915D1}.Debug|Any CPU.Build.0 = Debug|Any CPU
		{D3F2837D-750C-41E2-9129-2F284C3915D1}.Release|Any CPU.ActiveCfg = Release|Any CPU
		{D3F2837D-750C-41E2-9129-2F284C3915D1}.Release|Any CPU.Build.0 = Release|Any CPU
		{9EB3742E-68A0-4E4F-AC6C-66CB7A8D7722}.Debug|Any CPU.ActiveCfg = Debug|Any CPU
		{9EB3742E-68A0-4E4F-AC6C-66CB7A8D7722}.Debug|Any CPU.Build.0 = Debug|Any CPU
		{9EB3742E-68A0-4E4F-AC6C-66CB7A8D7722}.Release|Any CPU.ActiveCfg = Release|Any CPU
		{9EB3742E-68A0-4E4F-AC6C-66CB7A8D7722}.Release|Any CPU.Build.0 = Release|Any CPU
	EndGlobalSection
	GlobalSection(NestedProjects) = preSolution
		{5C57208C-5B4D-4413-A632-0159D379BC34} = {33E9E1BA-15F1-4786-9038-90EC96E2C6F2}
		{0E216828-52F6-4796-8EFC-7203EDE05347} = {15037648-9583-4277-B3B3-C51775801A29}
		{192A91C1-78BB-4A08-AB32-57B8C469E300} = {15037648-9583-4277-B3B3-C51775801A29}
		{71A305AB-E009-4E9C-9F7F-7282FFE675D0} = {15037648-9583-4277-B3B3-C51775801A29}
		{A3E6BAAE-641F-40D5-BAEE-7B9F5E35BC73} = {15037648-9583-4277-B3B3-C51775801A29}
		{3E299DAE-B6DB-4BF6-ABE0-CCC1F9E33CB2} = {EF67F7D5-84AB-4AEA-A8E4-323B4BC9EBB9}
		{9D3616C8-EE7A-42EC-8063-98388DF15FB8} = {B47CB9B7-F826-4E50-8D3F-81C80989740E}
		{8AB6560F-56D5-4D01-AF21-15AABE70BF82} = {A4A5BDFD-FAD5-46AA-B36E-33A6675CF888}
		{7A6A88B0-3179-4D92-A585-CE890A4F6FF4} = {8AB6560F-56D5-4D01-AF21-15AABE70BF82}
		{933D3504-F1B7-42AE-ADE7-AEBABF379DB7} = {8AB6560F-56D5-4D01-AF21-15AABE70BF82}
		{FF13E1FD-FA68-4D83-B99F-97029E312B1C} = {594EE890-8228-4812-AC7E-9E55610EDF59}
		{2BB6E1DA-9469-44C6-A07E-2D980030E3CC} = {594EE890-8228-4812-AC7E-9E55610EDF59}
		{1F9D5678-8D2D-4AC9-A7B4-1B5CD3FC41F3} = {33E9E1BA-15F1-4786-9038-90EC96E2C6F2}
		{AEE3A061-B7B0-4492-BE1C-2C43631379E1} = {594EE890-8228-4812-AC7E-9E55610EDF59}
		{679E1404-AC41-4842-AA83-0F4091503A79} = {B47CB9B7-F826-4E50-8D3F-81C80989740E}
		{A8A27E8F-EF22-43C3-9350-91FD626A130F} = {33E9E1BA-15F1-4786-9038-90EC96E2C6F2}
		{8E27658E-64A6-4C8A-8F8B-9F700363EB9A} = {594EE890-8228-4812-AC7E-9E55610EDF59}
		{EB8C946C-7491-4502-9511-945A27580124} = {B47CB9B7-F826-4E50-8D3F-81C80989740E}
		{25CF9DF9-624A-440E-B812-090699EA3A4F} = {B47CB9B7-F826-4E50-8D3F-81C80989740E}
		{7959D6A2-7B0C-4083-90C9-3F3761D0CCF7} = {B47CB9B7-F826-4E50-8D3F-81C80989740E}
		{D00E34D2-128C-4437-A81A-ED658947BE99} = {33E9E1BA-15F1-4786-9038-90EC96E2C6F2}
		{FDF77D1F-4284-4DDC-9E10-F11AFA74535D} = {B47CB9B7-F826-4E50-8D3F-81C80989740E}
		{C66D0E22-37C9-465F-9DE2-68367D3D28D8} = {B47CB9B7-F826-4E50-8D3F-81C80989740E}
		{C49CF207-29E8-4838-9634-A99EE3CC29B2} = {07C27C75-8696-44AA-B5EF-036C05E4EF9E}
		{D3F2837D-750C-41E2-9129-2F284C3915D1} = {07C27C75-8696-44AA-B5EF-036C05E4EF9E}
		{BE9D07AC-25B5-49D0-80A7-023E0198AD2C} = {A4A5BDFD-FAD5-46AA-B36E-33A6675CF888}
		{9EB3742E-68A0-4E4F-AC6C-66CB7A8D7722} = {BE9D07AC-25B5-49D0-80A7-023E0198AD2C}
		{A42DE733-1C1B-4D1C-B98F-2AC163C980FB} = {4E4DA299-D530-4703-8C64-0F8988373A24}
		{4E729CD4-6836-424D-B3C7-4D5FFD723A51} = {4E4DA299-D530-4703-8C64-0F8988373A24}
	EndGlobalSection
EndGlobal
