
Microsoft Visual Studio Solution File, Format Version 12.00
Project("{FAE04EC0-301F-11D3-BF4B-00C04F79EFBC}") = "Nautilus.DomainModel", "Nautilus.DomainModel\Nautilus.DomainModel.csproj", "{2BB6E1DA-9469-44C6-A07E-2D980030E3CC}"
EndProject
Project("{2150E333-8FDC-42A3-9474-1A3956D46DE8}") = "TestSuite", "TestSuite", "{33E9E1BA-15F1-4786-9038-90EC96E2C6F2}"
EndProject
Project("{FAE04EC0-301F-11D3-BF4B-00C04F79EFBC}") = "Nautilus.TestSuite.UnitTests", "Nautilus.TestSuite.UnitTests\Nautilus.TestSuite.UnitTests.csproj", "{B85B7F4E-F4D9-42F2-A78E-0A81BC207018}"
EndProject
Project("{FAE04EC0-301F-11D3-BF4B-00C04F79EFBC}") = "Nautilus.TestSuite.TestKit", "Nautilus.TestSuite.TestKit\Nautilus.TestSuite.TestKit.csproj", "{5C57208C-5B4D-4413-A632-0159D379BC34}"
EndProject
Project("{FAE04EC0-301F-11D3-BF4B-00C04F79EFBC}") = "Nautilus.Messaging", "Nautilus.Messaging\Nautilus.Messaging.csproj", "{0DE0FD64-B41A-4840-AE28-120B3715B0E8}"
EndProject
Project("{2150E333-8FDC-42A3-9474-1A3956D46DE8}") = "BlackBox", "BlackBox", "{15037648-9583-4277-B3B3-C51775801A29}"
EndProject
Project("{2150E333-8FDC-42A3-9474-1A3956D46DE8}") = "Database", "Database", "{7E7192DA-D478-4E15-8C4B-5DC6328720C5}"
EndProject
Project("{FAE04EC0-301F-11D3-BF4B-00C04F79EFBC}") = "Nautilus.BlackBox.AlphaModel", "Nautilus.BlackBox.AlphaModel\Nautilus.BlackBox.AlphaModel.csproj", "{0E216828-52F6-4796-8EFC-7203EDE05347}"
EndProject
Project("{FAE04EC0-301F-11D3-BF4B-00C04F79EFBC}") = "Nautilus.BlackBox.Brokerage", "Nautilus.BlackBox.Brokerage\Nautilus.BlackBox.Brokerage.csproj", "{218D0EA5-F53E-4989-8857-ED687A502638}"
EndProject
Project("{FAE04EC0-301F-11D3-BF4B-00C04F79EFBC}") = "Nautilus.BlackBox.Core", "Nautilus.BlackBox.Core\Nautilus.BlackBox.Core.csproj", "{192A91C1-78BB-4A08-AB32-57B8C469E300}"
EndProject
Project("{FAE04EC0-301F-11D3-BF4B-00C04F79EFBC}") = "Nautilus.BlackBox.Data", "Nautilus.BlackBox.Data\Nautilus.BlackBox.Data.csproj", "{B327F24B-1599-4621-92D7-E112FDB7803F}"
EndProject
Project("{FAE04EC0-301F-11D3-BF4B-00C04F79EFBC}") = "Nautilus.BlackBox.Execution", "Nautilus.BlackBox.Execution\Nautilus.BlackBox.Execution.csproj", "{AA61F2A4-7803-4629-B1F0-6FE08A0C6FDD}"
EndProject
Project("{FAE04EC0-301F-11D3-BF4B-00C04F79EFBC}") = "Nautilus.BlackBox.Messaging", "Nautilus.BlackBox.Messaging\Nautilus.BlackBox.Messaging.csproj", "{4003B444-CEE1-4724-90D4-98CDCACB9F0B}"
EndProject
Project("{FAE04EC0-301F-11D3-BF4B-00C04F79EFBC}") = "Nautilus.BlackBox.Portfolio", "Nautilus.BlackBox.Portfolio\Nautilus.BlackBox.Portfolio.csproj", "{71A305AB-E009-4E9C-9F7F-7282FFE675D0}"
EndProject
Project("{FAE04EC0-301F-11D3-BF4B-00C04F79EFBC}") = "Nautilus.BlackBox.Risk", "Nautilus.BlackBox.Risk\Nautilus.BlackBox.Risk.csproj", "{A3E6BAAE-641F-40D5-BAEE-7B9F5E35BC73}"
EndProject
Project("{2150E333-8FDC-42A3-9474-1A3956D46DE8}") = "Brokerages", "Brokerages", "{EF67F7D5-84AB-4AEA-A8E4-323B4BC9EBB9}"
EndProject
Project("{2150E333-8FDC-42A3-9474-1A3956D46DE8}") = "Infrastructure", "Infrastructure", "{B47CB9B7-F826-4E50-8D3F-81C80989740E}"
EndProject
Project("{2150E333-8FDC-42A3-9474-1A3956D46DE8}") = "Resources", "Resources", "{BAF42D31-EB02-4957-A41C-A302F4897FD1}"
EndProject
Project("{FAE04EC0-301F-11D3-BF4B-00C04F79EFBC}") = "Nautilus.Algorithms", "Nautilus.Algorithms\Nautilus.Algorithms.csproj", "{046E3165-C35B-4521-8A60-035BF2DAF81A}"
EndProject
Project("{FAE04EC0-301F-11D3-BF4B-00C04F79EFBC}") = "Nautilus.Backtest", "Nautilus.Backtest\Nautilus.Backtest.csproj", "{01E27B58-0521-4ABF-8E72-742C2BDAE84D}"
EndProject
Project("{FAE04EC0-301F-11D3-BF4B-00C04F79EFBC}") = "Nautilus.Indicators", "Nautilus.Indicators\Nautilus.Indicators.csproj", "{16F87023-5BAE-4EE0-BD37-89360E4C8993}"
EndProject
Project("{FAE04EC0-301F-11D3-BF4B-00C04F79EFBC}") = "Nautilus.Core", "Nautilus.Core\Nautilus.Core.csproj", "{BBC76D19-C23C-489C-A19B-6661140CB806}"
EndProject
Project("{FAE04EC0-301F-11D3-BF4B-00C04F79EFBC}") = "Nautilus.Common", "Nautilus.Common\Nautilus.Common.csproj", "{FF13E1FD-FA68-4D83-B99F-97029E312B1C}"
EndProject
Global
	GlobalSection(SolutionConfigurationPlatforms) = preSolution
		Debug|Any CPU = Debug|Any CPU
		Release|Any CPU = Release|Any CPU
	EndGlobalSection
	GlobalSection(ProjectConfigurationPlatforms) = postSolution
		{2BB6E1DA-9469-44C6-A07E-2D980030E3CC}.Debug|Any CPU.ActiveCfg = Debug|Any CPU
		{2BB6E1DA-9469-44C6-A07E-2D980030E3CC}.Debug|Any CPU.Build.0 = Debug|Any CPU
		{2BB6E1DA-9469-44C6-A07E-2D980030E3CC}.Release|Any CPU.ActiveCfg = Release|Any CPU
		{2BB6E1DA-9469-44C6-A07E-2D980030E3CC}.Release|Any CPU.Build.0 = Release|Any CPU
		{B85B7F4E-F4D9-42F2-A78E-0A81BC207018}.Debug|Any CPU.ActiveCfg = Debug|Any CPU
		{B85B7F4E-F4D9-42F2-A78E-0A81BC207018}.Debug|Any CPU.Build.0 = Debug|Any CPU
		{B85B7F4E-F4D9-42F2-A78E-0A81BC207018}.Release|Any CPU.ActiveCfg = Release|Any CPU
		{B85B7F4E-F4D9-42F2-A78E-0A81BC207018}.Release|Any CPU.Build.0 = Release|Any CPU
		{5C57208C-5B4D-4413-A632-0159D379BC34}.Debug|Any CPU.ActiveCfg = Debug|Any CPU
		{5C57208C-5B4D-4413-A632-0159D379BC34}.Debug|Any CPU.Build.0 = Debug|Any CPU
		{5C57208C-5B4D-4413-A632-0159D379BC34}.Release|Any CPU.ActiveCfg = Release|Any CPU
		{5C57208C-5B4D-4413-A632-0159D379BC34}.Release|Any CPU.Build.0 = Release|Any CPU
		{0DE0FD64-B41A-4840-AE28-120B3715B0E8}.Debug|Any CPU.ActiveCfg = Debug|Any CPU
		{0DE0FD64-B41A-4840-AE28-120B3715B0E8}.Debug|Any CPU.Build.0 = Debug|Any CPU
		{0DE0FD64-B41A-4840-AE28-120B3715B0E8}.Release|Any CPU.ActiveCfg = Release|Any CPU
		{0DE0FD64-B41A-4840-AE28-120B3715B0E8}.Release|Any CPU.Build.0 = Release|Any CPU
		{0E216828-52F6-4796-8EFC-7203EDE05347}.Debug|Any CPU.ActiveCfg = Debug|Any CPU
		{0E216828-52F6-4796-8EFC-7203EDE05347}.Debug|Any CPU.Build.0 = Debug|Any CPU
		{0E216828-52F6-4796-8EFC-7203EDE05347}.Release|Any CPU.ActiveCfg = Release|Any CPU
		{0E216828-52F6-4796-8EFC-7203EDE05347}.Release|Any CPU.Build.0 = Release|Any CPU
		{218D0EA5-F53E-4989-8857-ED687A502638}.Debug|Any CPU.ActiveCfg = Debug|Any CPU
		{218D0EA5-F53E-4989-8857-ED687A502638}.Debug|Any CPU.Build.0 = Debug|Any CPU
		{218D0EA5-F53E-4989-8857-ED687A502638}.Release|Any CPU.ActiveCfg = Release|Any CPU
		{218D0EA5-F53E-4989-8857-ED687A502638}.Release|Any CPU.Build.0 = Release|Any CPU
		{192A91C1-78BB-4A08-AB32-57B8C469E300}.Debug|Any CPU.ActiveCfg = Debug|Any CPU
		{192A91C1-78BB-4A08-AB32-57B8C469E300}.Debug|Any CPU.Build.0 = Debug|Any CPU
		{192A91C1-78BB-4A08-AB32-57B8C469E300}.Release|Any CPU.ActiveCfg = Release|Any CPU
		{192A91C1-78BB-4A08-AB32-57B8C469E300}.Release|Any CPU.Build.0 = Release|Any CPU
		{B327F24B-1599-4621-92D7-E112FDB7803F}.Debug|Any CPU.ActiveCfg = Debug|Any CPU
		{B327F24B-1599-4621-92D7-E112FDB7803F}.Debug|Any CPU.Build.0 = Debug|Any CPU
		{B327F24B-1599-4621-92D7-E112FDB7803F}.Release|Any CPU.ActiveCfg = Release|Any CPU
		{B327F24B-1599-4621-92D7-E112FDB7803F}.Release|Any CPU.Build.0 = Release|Any CPU
		{AA61F2A4-7803-4629-B1F0-6FE08A0C6FDD}.Debug|Any CPU.ActiveCfg = Debug|Any CPU
		{AA61F2A4-7803-4629-B1F0-6FE08A0C6FDD}.Debug|Any CPU.Build.0 = Debug|Any CPU
		{AA61F2A4-7803-4629-B1F0-6FE08A0C6FDD}.Release|Any CPU.ActiveCfg = Release|Any CPU
		{AA61F2A4-7803-4629-B1F0-6FE08A0C6FDD}.Release|Any CPU.Build.0 = Release|Any CPU
		{4003B444-CEE1-4724-90D4-98CDCACB9F0B}.Debug|Any CPU.ActiveCfg = Debug|Any CPU
		{4003B444-CEE1-4724-90D4-98CDCACB9F0B}.Debug|Any CPU.Build.0 = Debug|Any CPU
		{4003B444-CEE1-4724-90D4-98CDCACB9F0B}.Release|Any CPU.ActiveCfg = Release|Any CPU
		{4003B444-CEE1-4724-90D4-98CDCACB9F0B}.Release|Any CPU.Build.0 = Release|Any CPU
		{71A305AB-E009-4E9C-9F7F-7282FFE675D0}.Debug|Any CPU.ActiveCfg = Debug|Any CPU
		{71A305AB-E009-4E9C-9F7F-7282FFE675D0}.Debug|Any CPU.Build.0 = Debug|Any CPU
		{71A305AB-E009-4E9C-9F7F-7282FFE675D0}.Release|Any CPU.ActiveCfg = Release|Any CPU
		{71A305AB-E009-4E9C-9F7F-7282FFE675D0}.Release|Any CPU.Build.0 = Release|Any CPU
		{A3E6BAAE-641F-40D5-BAEE-7B9F5E35BC73}.Debug|Any CPU.ActiveCfg = Debug|Any CPU
		{A3E6BAAE-641F-40D5-BAEE-7B9F5E35BC73}.Debug|Any CPU.Build.0 = Debug|Any CPU
		{A3E6BAAE-641F-40D5-BAEE-7B9F5E35BC73}.Release|Any CPU.ActiveCfg = Release|Any CPU
		{A3E6BAAE-641F-40D5-BAEE-7B9F5E35BC73}.Release|Any CPU.Build.0 = Release|Any CPU
		{046E3165-C35B-4521-8A60-035BF2DAF81A}.Debug|Any CPU.ActiveCfg = Debug|Any CPU
		{046E3165-C35B-4521-8A60-035BF2DAF81A}.Debug|Any CPU.Build.0 = Debug|Any CPU
		{046E3165-C35B-4521-8A60-035BF2DAF81A}.Release|Any CPU.ActiveCfg = Release|Any CPU
		{046E3165-C35B-4521-8A60-035BF2DAF81A}.Release|Any CPU.Build.0 = Release|Any CPU
		{01E27B58-0521-4ABF-8E72-742C2BDAE84D}.Debug|Any CPU.ActiveCfg = Debug|Any CPU
		{01E27B58-0521-4ABF-8E72-742C2BDAE84D}.Debug|Any CPU.Build.0 = Debug|Any CPU
		{01E27B58-0521-4ABF-8E72-742C2BDAE84D}.Release|Any CPU.ActiveCfg = Release|Any CPU
		{01E27B58-0521-4ABF-8E72-742C2BDAE84D}.Release|Any CPU.Build.0 = Release|Any CPU
		{16F87023-5BAE-4EE0-BD37-89360E4C8993}.Debug|Any CPU.ActiveCfg = Debug|Any CPU
		{16F87023-5BAE-4EE0-BD37-89360E4C8993}.Debug|Any CPU.Build.0 = Debug|Any CPU
		{16F87023-5BAE-4EE0-BD37-89360E4C8993}.Release|Any CPU.ActiveCfg = Release|Any CPU
		{16F87023-5BAE-4EE0-BD37-89360E4C8993}.Release|Any CPU.Build.0 = Release|Any CPU
		{BBC76D19-C23C-489C-A19B-6661140CB806}.Debug|Any CPU.ActiveCfg = Debug|Any CPU
		{BBC76D19-C23C-489C-A19B-6661140CB806}.Debug|Any CPU.Build.0 = Debug|Any CPU
		{BBC76D19-C23C-489C-A19B-6661140CB806}.Release|Any CPU.ActiveCfg = Release|Any CPU
		{BBC76D19-C23C-489C-A19B-6661140CB806}.Release|Any CPU.Build.0 = Release|Any CPU
		{FF13E1FD-FA68-4D83-B99F-97029E312B1C}.Debug|Any CPU.ActiveCfg = Debug|Any CPU
		{FF13E1FD-FA68-4D83-B99F-97029E312B1C}.Debug|Any CPU.Build.0 = Debug|Any CPU
		{FF13E1FD-FA68-4D83-B99F-97029E312B1C}.Release|Any CPU.ActiveCfg = Release|Any CPU
		{FF13E1FD-FA68-4D83-B99F-97029E312B1C}.Release|Any CPU.Build.0 = Release|Any CPU
	EndGlobalSection
	GlobalSection(NestedProjects) = preSolution
		{B85B7F4E-F4D9-42F2-A78E-0A81BC207018} = {33E9E1BA-15F1-4786-9038-90EC96E2C6F2}
		{5C57208C-5B4D-4413-A632-0159D379BC34} = {33E9E1BA-15F1-4786-9038-90EC96E2C6F2}
		{0E216828-52F6-4796-8EFC-7203EDE05347} = {15037648-9583-4277-B3B3-C51775801A29}
		{218D0EA5-F53E-4989-8857-ED687A502638} = {15037648-9583-4277-B3B3-C51775801A29}
		{192A91C1-78BB-4A08-AB32-57B8C469E300} = {15037648-9583-4277-B3B3-C51775801A29}
		{B327F24B-1599-4621-92D7-E112FDB7803F} = {15037648-9583-4277-B3B3-C51775801A29}
		{AA61F2A4-7803-4629-B1F0-6FE08A0C6FDD} = {15037648-9583-4277-B3B3-C51775801A29}
		{4003B444-CEE1-4724-90D4-98CDCACB9F0B} = {15037648-9583-4277-B3B3-C51775801A29}
		{71A305AB-E009-4E9C-9F7F-7282FFE675D0} = {15037648-9583-4277-B3B3-C51775801A29}
		{A3E6BAAE-641F-40D5-BAEE-7B9F5E35BC73} = {15037648-9583-4277-B3B3-C51775801A29}
		{046E3165-C35B-4521-8A60-035BF2DAF81A} = {BAF42D31-EB02-4957-A41C-A302F4897FD1}
		{01E27B58-0521-4ABF-8E72-742C2BDAE84D} = {BAF42D31-EB02-4957-A41C-A302F4897FD1}
		{16F87023-5BAE-4EE0-BD37-89360E4C8993} = {BAF42D31-EB02-4957-A41C-A302F4897FD1}
	EndGlobalSection
EndGlobal
