
Microsoft Visual Studio Solution File, Format Version 12.00

Project("{FAE04EC0-301F-11D3-BF4B-00C04F79EFBC}") = "Nautilus.DomainModel", "Nautilus.DomainModel\Nautilus.DomainModel.csproj", "{2BB6E1DA-9469-44C6-A07E-2D980030E3CC}"
EndProject
Project("{2150E333-8FDC-42A3-9474-1A3956D46DE8}") = "Applications", "Applications", "{A4A5BDFD-FAD5-46AA-B36E-33A6675CF888}"
EndProject
Project("{2150E333-8FDC-42A3-9474-1A3956D46DE8}") = "Common", "Common", "{594EE890-8228-4812-AC7E-9E55610EDF59}"
EndProject
Project("{2150E333-8FDC-42A3-9474-1A3956D46DE8}") = "Brokerages", "Brokerages", "{EF67F7D5-84AB-4AEA-A8E4-323B4BC9EBB9}"
EndProject
Project("{2150E333-8FDC-42A3-9474-1A3956D46DE8}") = "Database", "Database", "{7E7192DA-D478-4E15-8C4B-5DC6328720C5}"
EndProject
Project("{2150E333-8FDC-42A3-9474-1A3956D46DE8}") = "DataProviders", "DataProviders", "{9896EE6B-2892-4F44-8253-040E08FFA81A}"
EndProject
Project("{2150E333-8FDC-42A3-9474-1A3956D46DE8}") = "Infrastructure", "Infrastructure", "{B47CB9B7-F826-4E50-8D3F-81C80989740E}"
EndProject
Project("{2150E333-8FDC-42A3-9474-1A3956D46DE8}") = "Resources", "Resources", "{BAF42D31-EB02-4957-A41C-A302F4897FD1}"
EndProject
Project("{2150E333-8FDC-42A3-9474-1A3956D46DE8}") = "TestSuite", "TestSuite", "{33E9E1BA-15F1-4786-9038-90EC96E2C6F2}"
EndProject
Project("{2150E333-8FDC-42A3-9474-1A3956D46DE8}") = "NautilusDB", "NautilusDB", "{8AB6560F-56D5-4D01-AF21-15AABE70BF82}"
EndProject
Project("{2150E333-8FDC-42A3-9474-1A3956D46DE8}") = "BlackBox", "BlackBox", "{15037648-9583-4277-B3B3-C51775801A29}"
EndProject
Project("{FAE04EC0-301F-11D3-BF4B-00C04F79EFBC}") = "NautilusDB", "NautilusDB\NautilusDB.csproj", "{7A6A88B0-3179-4D92-A585-CE890A4F6FF4}"
EndProject
Project("{FAE04EC0-301F-11D3-BF4B-00C04F79EFBC}") = "NautilusDB.Service", "NautilusDB.Service\NautilusDB.Service.csproj", "{933D3504-F1B7-42AE-ADE7-AEBABF379DB7}"
EndProject
Project("{2150E333-8FDC-42A3-9474-1A3956D46DE8}") = "Nautilus.BlackBox", "Nautilus.BlackBox", "{E8646DDA-6795-4F1E-8175-87D17865BCBE}"
EndProject
Project("{FAE04EC0-301F-11D3-BF4B-00C04F79EFBC}") = "Nautilus.BlackBox", "Nautilus.BlackBox\Nautilus.BlackBox.csproj", "{B53D5C06-2F40-4D0A-83EA-CAEDB5B042D3}"
EndProject
Project("{FAE04EC0-301F-11D3-BF4B-00C04F79EFBC}") = "Nautilus.BlackBox.AlphaModel", "Nautilus.BlackBox.AlphaModel\Nautilus.BlackBox.AlphaModel.csproj", "{0E216828-52F6-4796-8EFC-7203EDE05347}"
EndProject
Project("{FAE04EC0-301F-11D3-BF4B-00C04F79EFBC}") = "Nautilus.BlackBox.Brokerage", "Nautilus.BlackBox.Brokerage\Nautilus.BlackBox.Brokerage.csproj", "{218D0EA5-F53E-4989-8857-ED687A502638}"
EndProject
Project("{FAE04EC0-301F-11D3-BF4B-00C04F79EFBC}") = "Nautilus.BlackBox.Core", "Nautilus.BlackBox.Core\Nautilus.BlackBox.Core.csproj", "{192A91C1-78BB-4A08-AB32-57B8C469E300}"
EndProject
Project("{FAE04EC0-301F-11D3-BF4B-00C04F79EFBC}") = "Nautilus.BlackBox.Data", "Nautilus.BlackBox.Data\Nautilus.BlackBox.Data.csproj", "{B327F24B-1599-4621-92D7-E112FDB7803F}"
EndProject
Project("{FAE04EC0-301F-11D3-BF4B-00C04F79EFBC}") = "Nautilus.BlackBox.Execution", "Nautilus.BlackBox.Execution\Nautilus.BlackBox.Execution.csproj", "{AA61F2A4-7803-4629-B1F0-6FE08A0C6FDD}"
EndProject
Project("{FAE04EC0-301F-11D3-BF4B-00C04F79EFBC}") = "Nautilus.BlackBox.Portfolio", "Nautilus.BlackBox.Portfolio\Nautilus.BlackBox.Portfolio.csproj", "{71A305AB-E009-4E9C-9F7F-7282FFE675D0}"
EndProject
Project("{FAE04EC0-301F-11D3-BF4B-00C04F79EFBC}") = "Nautilus.BlackBox.Risk", "Nautilus.BlackBox.Risk\Nautilus.BlackBox.Risk.csproj", "{A3E6BAAE-641F-40D5-BAEE-7B9F5E35BC73}"
EndProject
Project("{FAE04EC0-301F-11D3-BF4B-00C04F79EFBC}") = "Nautilus.Algorithms", "Nautilus.Algorithms\Nautilus.Algorithms.csproj", "{046E3165-C35B-4521-8A60-035BF2DAF81A}"
EndProject
Project("{FAE04EC0-301F-11D3-BF4B-00C04F79EFBC}") = "Nautilus.Backtest", "Nautilus.Backtest\Nautilus.Backtest.csproj", "{01E27B58-0521-4ABF-8E72-742C2BDAE84D}"
EndProject
Project("{FAE04EC0-301F-11D3-BF4B-00C04F79EFBC}") = "Nautilus.Indicators", "Nautilus.Indicators\Nautilus.Indicators.csproj", "{16F87023-5BAE-4EE0-BD37-89360E4C8993}"
EndProject
Project("{FAE04EC0-301F-11D3-BF4B-00C04F79EFBC}") = "Nautilus.Core", "Nautilus.Core\Nautilus.Core.csproj", "{AEE3A061-B7B0-4492-BE1C-2C43631379E1}"
EndProject
Project("{FAE04EC0-301F-11D3-BF4B-00C04F79EFBC}") = "Nautilus.Common", "Nautilus.Common\Nautilus.Common.csproj", "{FF13E1FD-FA68-4D83-B99F-97029E312B1C}"
EndProject
Project("{FAE04EC0-301F-11D3-BF4B-00C04F79EFBC}") = "Nautilus.Fix", "Nautilus.Fix\Nautilus.Fix.csproj", "{C49CF207-29E8-4838-9634-A99EE3CC29B2}"
EndProject
Project("{FAE04EC0-301F-11D3-BF4B-00C04F79EFBC}") = "Nautilus.Brokerage.Fxcm", "Nautilus.Brokerage.Fxcm\Nautilus.Brokerage.Fxcm.csproj", "{3E299DAE-B6DB-4BF6-ABE0-CCC1F9E33CB2}"
EndProject
Project("{FAE04EC0-301F-11D3-BF4B-00C04F79EFBC}") = "Nautilus.Serilog", "Nautilus.Serilog\Nautilus.Serilog.csproj", "{9D3616C8-EE7A-42EC-8063-98388DF15FB8}"
EndProject
Project("{FAE04EC0-301F-11D3-BF4B-00C04F79EFBC}") = "Nautilus.RavenDB", "Nautilus.RavenDB\Nautilus.RavenDB.csproj", "{B00847F5-A99D-45BF-B908-C70B41685286}"
EndProject
Project("{FAE04EC0-301F-11D3-BF4B-00C04F79EFBC}") = "Nautilus.Compression", "Nautilus.Compression\Nautilus.Compression.csproj", "{A42DE733-1C1B-4D1C-B98F-2AC163C980FB}"
EndProject
Project("{FAE04EC0-301F-11D3-BF4B-00C04F79EFBC}") = "Nautilus.Database", "Nautilus.Database\Nautilus.Database.csproj", "{4E729CD4-6836-424D-B3C7-4D5FFD723A51}"
EndProject
Project("{FAE04EC0-301F-11D3-BF4B-00C04F79EFBC}") = "Nautilus.DataProviders.Dukascopy", "Nautilus.DataProviders.Dukascopy\Nautilus.DataProviders.Dukascopy.csproj", "{0FAD5E5E-408D-47A7-91DF-03F53E3B9012}"
EndProject
Project("{FAE04EC0-301F-11D3-BF4B-00C04F79EFBC}") = "Nautilus.DataProviders.FxStreet", "Nautilus.DataProviders.FxStreet\Nautilus.DataProviders.FxStreet.csproj", "{F934C292-E130-4B18-92A0-BBA56D75380E}"
EndProject
Project("{FAE04EC0-301F-11D3-BF4B-00C04F79EFBC}") = "Nautilus.TestSuite.TestKit", "Nautilus.TestSuite.TestKit\Nautilus.TestSuite.TestKit.csproj", "{5C57208C-5B4D-4413-A632-0159D379BC34}"
EndProject
Project("{FAE04EC0-301F-11D3-BF4B-00C04F79EFBC}") = "Nautilus.TestSuite.UnitTests", "Nautilus.TestSuite.UnitTests\Nautilus.TestSuite.UnitTests.csproj", "{1F9D5678-8D2D-4AC9-A7B4-1B5CD3FC41F3}"
EndProject
Project("{FAE04EC0-301F-11D3-BF4B-00C04F79EFBC}") = "Nautilus.Redis", "Nautilus.Redis\Nautilus.Redis.csproj", "{679E1404-AC41-4842-AA83-0F4091503A79}"
EndProject
Project("{FAE04EC0-301F-11D3-BF4B-00C04F79EFBC}") = "Nautilus.TestSuite.IntegrationTests", "Nautilus.TestSuite.IntegrationTests\Nautilus.TestSuite.IntegrationTests.csproj", "{A8A27E8F-EF22-43C3-9350-91FD626A130F}"
EndProject
Project("{FAE04EC0-301F-11D3-BF4B-00C04F79EFBC}") = "QuickFix", "QuickFix\QuickFix.csproj", "{26496A92-0232-4711-B5CD-18F87CB44594}"
EndProject
Project("{FAE04EC0-301F-11D3-BF4B-00C04F79EFBC}") = "QuickFix.FIX44", "QuickFix.FIX44\QuickFix.FIX44.csproj", "{DECB1672-56C4-4055-A1AC-11DF57CC6135}"
EndProject
Project("{FAE04EC0-301F-11D3-BF4B-00C04F79EFBC}") = "QuickFix.UnitTests", "QuickFix.UnitTests\QuickFix.UnitTests.csproj", "{B200AA97-AA79-4131-86B6-3B79CD21B935}"
EndProject
Project("{FAE04EC0-301F-11D3-BF4B-00C04F79EFBC}") = "Nautilus.Data", "Nautilus.Data\Nautilus.Data.csproj", "{E30E8AD3-7B25-4091-A2A1-859555C657A2}"
EndProject
Global
	GlobalSection(SolutionConfigurationPlatforms) = preSolution
		Debug|Any CPU = Debug|Any CPU
		Release|Any CPU = Release|Any CPU
	EndGlobalSection
	GlobalSection(ProjectConfigurationPlatforms) = postSolution
		{2BB6E1DA-9469-44C6-A07E-2D980030E3CC}.Debug|Any CPU.ActiveCfg = Debug|Any CPU
		{2BB6E1DA-9469-44C6-A07E-2D980030E3CC}.Debug|Any CPU.Build.0 = Debug|Any CPU
		{2BB6E1DA-9469-44C6-A07E-2D980030E3CC}.Release|Any CPU.ActiveCfg = Release|Any CPU
		{2BB6E1DA-9469-44C6-A07E-2D980030E3CC}.Release|Any CPU.Build.0 = Release|Any CPU
		{5C57208C-5B4D-4413-A632-0159D379BC34}.Debug|Any CPU.ActiveCfg = Debug|Any CPU
		{5C57208C-5B4D-4413-A632-0159D379BC34}.Debug|Any CPU.Build.0 = Debug|Any CPU
		{5C57208C-5B4D-4413-A632-0159D379BC34}.Release|Any CPU.ActiveCfg = Release|Any CPU
		{5C57208C-5B4D-4413-A632-0159D379BC34}.Release|Any CPU.Build.0 = Release|Any CPU
		{0E216828-52F6-4796-8EFC-7203EDE05347}.Debug|Any CPU.ActiveCfg = Debug|Any CPU
		{0E216828-52F6-4796-8EFC-7203EDE05347}.Debug|Any CPU.Build.0 = Debug|Any CPU
		{0E216828-52F6-4796-8EFC-7203EDE05347}.Release|Any CPU.ActiveCfg = Release|Any CPU
		{0E216828-52F6-4796-8EFC-7203EDE05347}.Release|Any CPU.Build.0 = Release|Any CPU
		{218D0EA5-F53E-4989-8857-ED687A502638}.Debug|Any CPU.ActiveCfg = Debug|Any CPU
		{218D0EA5-F53E-4989-8857-ED687A502638}.Debug|Any CPU.Build.0 = Debug|Any CPU
		{218D0EA5-F53E-4989-8857-ED687A502638}.Release|Any CPU.ActiveCfg = Release|Any CPU
		{218D0EA5-F53E-4989-8857-ED687A502638}.Release|Any CPU.Build.0 = Release|Any CPU
		{192A91C1-78BB-4A08-AB32-57B8C469E300}.Debug|Any CPU.ActiveCfg = Debug|Any CPU
		{192A91C1-78BB-4A08-AB32-57B8C469E300}.Debug|Any CPU.Build.0 = Debug|Any CPU
		{192A91C1-78BB-4A08-AB32-57B8C469E300}.Release|Any CPU.ActiveCfg = Release|Any CPU
		{192A91C1-78BB-4A08-AB32-57B8C469E300}.Release|Any CPU.Build.0 = Release|Any CPU
		{B327F24B-1599-4621-92D7-E112FDB7803F}.Debug|Any CPU.ActiveCfg = Debug|Any CPU
		{B327F24B-1599-4621-92D7-E112FDB7803F}.Debug|Any CPU.Build.0 = Debug|Any CPU
		{B327F24B-1599-4621-92D7-E112FDB7803F}.Release|Any CPU.ActiveCfg = Release|Any CPU
		{B327F24B-1599-4621-92D7-E112FDB7803F}.Release|Any CPU.Build.0 = Release|Any CPU
		{AA61F2A4-7803-4629-B1F0-6FE08A0C6FDD}.Debug|Any CPU.ActiveCfg = Debug|Any CPU
		{AA61F2A4-7803-4629-B1F0-6FE08A0C6FDD}.Debug|Any CPU.Build.0 = Debug|Any CPU
		{AA61F2A4-7803-4629-B1F0-6FE08A0C6FDD}.Release|Any CPU.ActiveCfg = Release|Any CPU
		{AA61F2A4-7803-4629-B1F0-6FE08A0C6FDD}.Release|Any CPU.Build.0 = Release|Any CPU
		{71A305AB-E009-4E9C-9F7F-7282FFE675D0}.Debug|Any CPU.ActiveCfg = Debug|Any CPU
		{71A305AB-E009-4E9C-9F7F-7282FFE675D0}.Debug|Any CPU.Build.0 = Debug|Any CPU
		{71A305AB-E009-4E9C-9F7F-7282FFE675D0}.Release|Any CPU.ActiveCfg = Release|Any CPU
		{71A305AB-E009-4E9C-9F7F-7282FFE675D0}.Release|Any CPU.Build.0 = Release|Any CPU
		{A3E6BAAE-641F-40D5-BAEE-7B9F5E35BC73}.Debug|Any CPU.ActiveCfg = Debug|Any CPU
		{A3E6BAAE-641F-40D5-BAEE-7B9F5E35BC73}.Debug|Any CPU.Build.0 = Debug|Any CPU
		{A3E6BAAE-641F-40D5-BAEE-7B9F5E35BC73}.Release|Any CPU.ActiveCfg = Release|Any CPU
		{A3E6BAAE-641F-40D5-BAEE-7B9F5E35BC73}.Release|Any CPU.Build.0 = Release|Any CPU
		{046E3165-C35B-4521-8A60-035BF2DAF81A}.Debug|Any CPU.ActiveCfg = Debug|Any CPU
		{046E3165-C35B-4521-8A60-035BF2DAF81A}.Debug|Any CPU.Build.0 = Debug|Any CPU
		{046E3165-C35B-4521-8A60-035BF2DAF81A}.Release|Any CPU.ActiveCfg = Release|Any CPU
		{046E3165-C35B-4521-8A60-035BF2DAF81A}.Release|Any CPU.Build.0 = Release|Any CPU
		{01E27B58-0521-4ABF-8E72-742C2BDAE84D}.Debug|Any CPU.ActiveCfg = Debug|Any CPU
		{01E27B58-0521-4ABF-8E72-742C2BDAE84D}.Debug|Any CPU.Build.0 = Debug|Any CPU
		{01E27B58-0521-4ABF-8E72-742C2BDAE84D}.Release|Any CPU.ActiveCfg = Release|Any CPU
		{01E27B58-0521-4ABF-8E72-742C2BDAE84D}.Release|Any CPU.Build.0 = Release|Any CPU
		{16F87023-5BAE-4EE0-BD37-89360E4C8993}.Debug|Any CPU.ActiveCfg = Debug|Any CPU
		{16F87023-5BAE-4EE0-BD37-89360E4C8993}.Debug|Any CPU.Build.0 = Debug|Any CPU
		{16F87023-5BAE-4EE0-BD37-89360E4C8993}.Release|Any CPU.ActiveCfg = Release|Any CPU
		{16F87023-5BAE-4EE0-BD37-89360E4C8993}.Release|Any CPU.Build.0 = Release|Any CPU
		{FF13E1FD-FA68-4D83-B99F-97029E312B1C}.Debug|Any CPU.ActiveCfg = Debug|Any CPU
		{FF13E1FD-FA68-4D83-B99F-97029E312B1C}.Debug|Any CPU.Build.0 = Debug|Any CPU
		{FF13E1FD-FA68-4D83-B99F-97029E312B1C}.Release|Any CPU.ActiveCfg = Release|Any CPU
		{FF13E1FD-FA68-4D83-B99F-97029E312B1C}.Release|Any CPU.Build.0 = Release|Any CPU
		{C49CF207-29E8-4838-9634-A99EE3CC29B2}.Debug|Any CPU.ActiveCfg = Debug|Any CPU
		{C49CF207-29E8-4838-9634-A99EE3CC29B2}.Debug|Any CPU.Build.0 = Debug|Any CPU
		{C49CF207-29E8-4838-9634-A99EE3CC29B2}.Release|Any CPU.ActiveCfg = Release|Any CPU
		{C49CF207-29E8-4838-9634-A99EE3CC29B2}.Release|Any CPU.Build.0 = Release|Any CPU
		{3E299DAE-B6DB-4BF6-ABE0-CCC1F9E33CB2}.Debug|Any CPU.ActiveCfg = Debug|Any CPU
		{3E299DAE-B6DB-4BF6-ABE0-CCC1F9E33CB2}.Debug|Any CPU.Build.0 = Debug|Any CPU
		{3E299DAE-B6DB-4BF6-ABE0-CCC1F9E33CB2}.Release|Any CPU.ActiveCfg = Release|Any CPU
		{3E299DAE-B6DB-4BF6-ABE0-CCC1F9E33CB2}.Release|Any CPU.Build.0 = Release|Any CPU
		{9D3616C8-EE7A-42EC-8063-98388DF15FB8}.Debug|Any CPU.ActiveCfg = Debug|Any CPU
		{9D3616C8-EE7A-42EC-8063-98388DF15FB8}.Debug|Any CPU.Build.0 = Debug|Any CPU
		{9D3616C8-EE7A-42EC-8063-98388DF15FB8}.Release|Any CPU.ActiveCfg = Release|Any CPU
		{9D3616C8-EE7A-42EC-8063-98388DF15FB8}.Release|Any CPU.Build.0 = Release|Any CPU
		{B00847F5-A99D-45BF-B908-C70B41685286}.Debug|Any CPU.ActiveCfg = Debug|Any CPU
		{B00847F5-A99D-45BF-B908-C70B41685286}.Debug|Any CPU.Build.0 = Debug|Any CPU
		{B00847F5-A99D-45BF-B908-C70B41685286}.Release|Any CPU.ActiveCfg = Release|Any CPU
		{B00847F5-A99D-45BF-B908-C70B41685286}.Release|Any CPU.Build.0 = Release|Any CPU
		{A42DE733-1C1B-4D1C-B98F-2AC163C980FB}.Debug|Any CPU.ActiveCfg = Debug|Any CPU
		{A42DE733-1C1B-4D1C-B98F-2AC163C980FB}.Debug|Any CPU.Build.0 = Debug|Any CPU
		{A42DE733-1C1B-4D1C-B98F-2AC163C980FB}.Release|Any CPU.ActiveCfg = Release|Any CPU
		{A42DE733-1C1B-4D1C-B98F-2AC163C980FB}.Release|Any CPU.Build.0 = Release|Any CPU
		{4E729CD4-6836-424D-B3C7-4D5FFD723A51}.Debug|Any CPU.ActiveCfg = Debug|Any CPU
		{4E729CD4-6836-424D-B3C7-4D5FFD723A51}.Debug|Any CPU.Build.0 = Debug|Any CPU
		{4E729CD4-6836-424D-B3C7-4D5FFD723A51}.Release|Any CPU.ActiveCfg = Release|Any CPU
		{4E729CD4-6836-424D-B3C7-4D5FFD723A51}.Release|Any CPU.Build.0 = Release|Any CPU
		{7A6A88B0-3179-4D92-A585-CE890A4F6FF4}.Debug|Any CPU.ActiveCfg = Debug|Any CPU
		{7A6A88B0-3179-4D92-A585-CE890A4F6FF4}.Debug|Any CPU.Build.0 = Debug|Any CPU
		{7A6A88B0-3179-4D92-A585-CE890A4F6FF4}.Release|Any CPU.ActiveCfg = Release|Any CPU
		{7A6A88B0-3179-4D92-A585-CE890A4F6FF4}.Release|Any CPU.Build.0 = Release|Any CPU
		{0FAD5E5E-408D-47A7-91DF-03F53E3B9012}.Debug|Any CPU.ActiveCfg = Debug|Any CPU
		{0FAD5E5E-408D-47A7-91DF-03F53E3B9012}.Debug|Any CPU.Build.0 = Debug|Any CPU
		{0FAD5E5E-408D-47A7-91DF-03F53E3B9012}.Release|Any CPU.ActiveCfg = Release|Any CPU
		{0FAD5E5E-408D-47A7-91DF-03F53E3B9012}.Release|Any CPU.Build.0 = Release|Any CPU
		{F934C292-E130-4B18-92A0-BBA56D75380E}.Debug|Any CPU.ActiveCfg = Debug|Any CPU
		{F934C292-E130-4B18-92A0-BBA56D75380E}.Debug|Any CPU.Build.0 = Debug|Any CPU
		{F934C292-E130-4B18-92A0-BBA56D75380E}.Release|Any CPU.ActiveCfg = Release|Any CPU
		{F934C292-E130-4B18-92A0-BBA56D75380E}.Release|Any CPU.Build.0 = Release|Any CPU
		{933D3504-F1B7-42AE-ADE7-AEBABF379DB7}.Debug|Any CPU.ActiveCfg = Debug|Any CPU
		{933D3504-F1B7-42AE-ADE7-AEBABF379DB7}.Debug|Any CPU.Build.0 = Debug|Any CPU
		{933D3504-F1B7-42AE-ADE7-AEBABF379DB7}.Release|Any CPU.ActiveCfg = Release|Any CPU
		{933D3504-F1B7-42AE-ADE7-AEBABF379DB7}.Release|Any CPU.Build.0 = Release|Any CPU
		{1F9D5678-8D2D-4AC9-A7B4-1B5CD3FC41F3}.Debug|Any CPU.ActiveCfg = Debug|Any CPU
		{1F9D5678-8D2D-4AC9-A7B4-1B5CD3FC41F3}.Debug|Any CPU.Build.0 = Debug|Any CPU
		{1F9D5678-8D2D-4AC9-A7B4-1B5CD3FC41F3}.Release|Any CPU.ActiveCfg = Release|Any CPU
		{1F9D5678-8D2D-4AC9-A7B4-1B5CD3FC41F3}.Release|Any CPU.Build.0 = Release|Any CPU
		{B53D5C06-2F40-4D0A-83EA-CAEDB5B042D3}.Debug|Any CPU.ActiveCfg = Debug|Any CPU
		{B53D5C06-2F40-4D0A-83EA-CAEDB5B042D3}.Debug|Any CPU.Build.0 = Debug|Any CPU
		{B53D5C06-2F40-4D0A-83EA-CAEDB5B042D3}.Release|Any CPU.ActiveCfg = Release|Any CPU
		{B53D5C06-2F40-4D0A-83EA-CAEDB5B042D3}.Release|Any CPU.Build.0 = Release|Any CPU
		{AEE3A061-B7B0-4492-BE1C-2C43631379E1}.Debug|Any CPU.ActiveCfg = Debug|Any CPU
		{AEE3A061-B7B0-4492-BE1C-2C43631379E1}.Debug|Any CPU.Build.0 = Debug|Any CPU
		{AEE3A061-B7B0-4492-BE1C-2C43631379E1}.Release|Any CPU.ActiveCfg = Release|Any CPU
		{AEE3A061-B7B0-4492-BE1C-2C43631379E1}.Release|Any CPU.Build.0 = Release|Any CPU
		{679E1404-AC41-4842-AA83-0F4091503A79}.Debug|Any CPU.ActiveCfg = Debug|Any CPU
		{679E1404-AC41-4842-AA83-0F4091503A79}.Debug|Any CPU.Build.0 = Debug|Any CPU
		{679E1404-AC41-4842-AA83-0F4091503A79}.Release|Any CPU.ActiveCfg = Release|Any CPU
		{679E1404-AC41-4842-AA83-0F4091503A79}.Release|Any CPU.Build.0 = Release|Any CPU
		{A8A27E8F-EF22-43C3-9350-91FD626A130F}.Debug|Any CPU.ActiveCfg = Debug|Any CPU
		{A8A27E8F-EF22-43C3-9350-91FD626A130F}.Debug|Any CPU.Build.0 = Debug|Any CPU
		{A8A27E8F-EF22-43C3-9350-91FD626A130F}.Release|Any CPU.ActiveCfg = Release|Any CPU
		{A8A27E8F-EF22-43C3-9350-91FD626A130F}.Release|Any CPU.Build.0 = Release|Any CPU
		{26496A92-0232-4711-B5CD-18F87CB44594}.Debug|Any CPU.ActiveCfg = Debug|Any CPU
		{26496A92-0232-4711-B5CD-18F87CB44594}.Debug|Any CPU.Build.0 = Debug|Any CPU
		{26496A92-0232-4711-B5CD-18F87CB44594}.Release|Any CPU.ActiveCfg = Release|Any CPU
		{26496A92-0232-4711-B5CD-18F87CB44594}.Release|Any CPU.Build.0 = Release|Any CPU
		{DECB1672-56C4-4055-A1AC-11DF57CC6135}.Debug|Any CPU.ActiveCfg = Debug|Any CPU
		{DECB1672-56C4-4055-A1AC-11DF57CC6135}.Debug|Any CPU.Build.0 = Debug|Any CPU
		{DECB1672-56C4-4055-A1AC-11DF57CC6135}.Release|Any CPU.ActiveCfg = Release|Any CPU
		{DECB1672-56C4-4055-A1AC-11DF57CC6135}.Release|Any CPU.Build.0 = Release|Any CPU
		{B200AA97-AA79-4131-86B6-3B79CD21B935}.Debug|Any CPU.ActiveCfg = Debug|Any CPU
		{B200AA97-AA79-4131-86B6-3B79CD21B935}.Debug|Any CPU.Build.0 = Debug|Any CPU
		{B200AA97-AA79-4131-86B6-3B79CD21B935}.Release|Any CPU.ActiveCfg = Release|Any CPU
		{B200AA97-AA79-4131-86B6-3B79CD21B935}.Release|Any CPU.Build.0 = Release|Any CPU
		{E30E8AD3-7B25-4091-A2A1-859555C657A2}.Debug|Any CPU.ActiveCfg = Debug|Any CPU
		{E30E8AD3-7B25-4091-A2A1-859555C657A2}.Debug|Any CPU.Build.0 = Debug|Any CPU
		{E30E8AD3-7B25-4091-A2A1-859555C657A2}.Release|Any CPU.ActiveCfg = Release|Any CPU
		{E30E8AD3-7B25-4091-A2A1-859555C657A2}.Release|Any CPU.Build.0 = Release|Any CPU
	EndGlobalSection
	GlobalSection(NestedProjects) = preSolution
		{5C57208C-5B4D-4413-A632-0159D379BC34} = {33E9E1BA-15F1-4786-9038-90EC96E2C6F2}
		{0E216828-52F6-4796-8EFC-7203EDE05347} = {15037648-9583-4277-B3B3-C51775801A29}
		{218D0EA5-F53E-4989-8857-ED687A502638} = {15037648-9583-4277-B3B3-C51775801A29}
		{192A91C1-78BB-4A08-AB32-57B8C469E300} = {15037648-9583-4277-B3B3-C51775801A29}
		{B327F24B-1599-4621-92D7-E112FDB7803F} = {15037648-9583-4277-B3B3-C51775801A29}
		{AA61F2A4-7803-4629-B1F0-6FE08A0C6FDD} = {15037648-9583-4277-B3B3-C51775801A29}
		{71A305AB-E009-4E9C-9F7F-7282FFE675D0} = {15037648-9583-4277-B3B3-C51775801A29}
		{A3E6BAAE-641F-40D5-BAEE-7B9F5E35BC73} = {15037648-9583-4277-B3B3-C51775801A29}
		{046E3165-C35B-4521-8A60-035BF2DAF81A} = {BAF42D31-EB02-4957-A41C-A302F4897FD1}
		{01E27B58-0521-4ABF-8E72-742C2BDAE84D} = {BAF42D31-EB02-4957-A41C-A302F4897FD1}
		{16F87023-5BAE-4EE0-BD37-89360E4C8993} = {BAF42D31-EB02-4957-A41C-A302F4897FD1}
		{3E299DAE-B6DB-4BF6-ABE0-CCC1F9E33CB2} = {EF67F7D5-84AB-4AEA-A8E4-323B4BC9EBB9}
		{9D3616C8-EE7A-42EC-8063-98388DF15FB8} = {B47CB9B7-F826-4E50-8D3F-81C80989740E}
		{B00847F5-A99D-45BF-B908-C70B41685286} = {B47CB9B7-F826-4E50-8D3F-81C80989740E}
		{4E729CD4-6836-424D-B3C7-4D5FFD723A51} = {7E7192DA-D478-4E15-8C4B-5DC6328720C5}
		{8AB6560F-56D5-4D01-AF21-15AABE70BF82} = {A4A5BDFD-FAD5-46AA-B36E-33A6675CF888}
		{7A6A88B0-3179-4D92-A585-CE890A4F6FF4} = {8AB6560F-56D5-4D01-AF21-15AABE70BF82}
		{933D3504-F1B7-42AE-ADE7-AEBABF379DB7} = {8AB6560F-56D5-4D01-AF21-15AABE70BF82}
		{FF13E1FD-FA68-4D83-B99F-97029E312B1C} = {594EE890-8228-4812-AC7E-9E55610EDF59}
		{2BB6E1DA-9469-44C6-A07E-2D980030E3CC} = {594EE890-8228-4812-AC7E-9E55610EDF59}
		{C49CF207-29E8-4838-9634-A99EE3CC29B2} = {594EE890-8228-4812-AC7E-9E55610EDF59}
		{1F9D5678-8D2D-4AC9-A7B4-1B5CD3FC41F3} = {33E9E1BA-15F1-4786-9038-90EC96E2C6F2}
		{E8646DDA-6795-4F1E-8175-87D17865BCBE} = {A4A5BDFD-FAD5-46AA-B36E-33A6675CF888}
		{B53D5C06-2F40-4D0A-83EA-CAEDB5B042D3} = {E8646DDA-6795-4F1E-8175-87D17865BCBE}
		{0FAD5E5E-408D-47A7-91DF-03F53E3B9012} = {9896EE6B-2892-4F44-8253-040E08FFA81A}
		{F934C292-E130-4B18-92A0-BBA56D75380E} = {9896EE6B-2892-4F44-8253-040E08FFA81A}
		{AEE3A061-B7B0-4492-BE1C-2C43631379E1} = {594EE890-8228-4812-AC7E-9E55610EDF59}
		{679E1404-AC41-4842-AA83-0F4091503A79} = {B47CB9B7-F826-4E50-8D3F-81C80989740E}
		{A8A27E8F-EF22-43C3-9350-91FD626A130F} = {33E9E1BA-15F1-4786-9038-90EC96E2C6F2}
		{A42DE733-1C1B-4D1C-B98F-2AC163C980FB} = {594EE890-8228-4812-AC7E-9E55610EDF59}
		{26496A92-0232-4711-B5CD-18F87CB44594} = {B47CB9B7-F826-4E50-8D3F-81C80989740E}
		{DECB1672-56C4-4055-A1AC-11DF57CC6135} = {B47CB9B7-F826-4E50-8D3F-81C80989740E}
		{B200AA97-AA79-4131-86B6-3B79CD21B935} = {33E9E1BA-15F1-4786-9038-90EC96E2C6F2}
		{E30E8AD3-7B25-4091-A2A1-859555C657A2} = {594EE890-8228-4812-AC7E-9E55610EDF59}
	EndGlobalSection
EndGlobal
